
Microsoft Visual Studio Solution File, Format Version 12.00
# Visual Studio Version 16
VisualStudioVersion = 16.0.29911.84
MinimumVisualStudioVersion = 10.0.40219.1
Project("{FAE04EC0-301F-11D3-BF4B-00C04F79EFBC}") = "VTEX.FeedConsumer", "VTEX.FeedConsumer\VTEX.FeedConsumer.csproj", "{FCED9D04-89B0-42E1-A982-FD76501B935C}"
EndProject
Global
	GlobalSection(SolutionConfigurationPlatforms) = preSolution
		Debug|Any CPU = Debug|Any CPU
		Release|Any CPU = Release|Any CPU
	EndGlobalSection
	GlobalSection(ProjectConfigurationPlatforms) = postSolution
		{FCED9D04-89B0-42E1-A982-FD76501B935C}.Debug|Any CPU.ActiveCfg = Debug|Any CPU
		{FCED9D04-89B0-42E1-A982-FD76501B935C}.Debug|Any CPU.Build.0 = Debug|Any CPU
		{FCED9D04-89B0-42E1-A982-FD76501B935C}.Release|Any CPU.ActiveCfg = Release|Any CPU
		{FCED9D04-89B0-42E1-A982-FD76501B935C}.Release|Any CPU.Build.0 = Release|Any CPU
	EndGlobalSection
	GlobalSection(SolutionProperties) = preSolution
		HideSolutionNode = FALSE
	EndGlobalSection
	GlobalSection(ExtensibilityGlobals) = postSolution
		SolutionGuid = {9B06E9C0-71AF-4D1E-9D39-2BD34C8FF737}
	EndGlobalSection
EndGlobal
